
Microsoft Visual Studio Solution File, Format Version 12.00
# Visual Studio Version 16
VisualStudioVersion = 16.0.31129.286
MinimumVisualStudioVersion = 10.0.40219.1
Project("{FAE04EC0-301F-11D3-BF4B-00C04F79EFBC}") = "ExploreCalifornia", "ExploreCalifornia\ExploreCalifornia.csproj", "{F605C607-0D58-4732-994D-176BE924E3C5}"
EndProject
Global
	GlobalSection(SolutionConfigurationPlatforms) = preSolution
		Debug|Any CPU = Debug|Any CPU
		Release|Any CPU = Release|Any CPU
	EndGlobalSection
	GlobalSection(ProjectConfigurationPlatforms) = postSolution
		{F605C607-0D58-4732-994D-176BE924E3C5}.Debug|Any CPU.ActiveCfg = Debug|Any CPU
		{F605C607-0D58-4732-994D-176BE924E3C5}.Debug|Any CPU.Build.0 = Debug|Any CPU
		{F605C607-0D58-4732-994D-176BE924E3C5}.Release|Any CPU.ActiveCfg = Release|Any CPU
		{F605C607-0D58-4732-994D-176BE924E3C5}.Release|Any CPU.Build.0 = Release|Any CPU
	EndGlobalSection
	GlobalSection(SolutionProperties) = preSolution
		HideSolutionNode = FALSE
	EndGlobalSection
	GlobalSection(ExtensibilityGlobals) = postSolution
		SolutionGuid = {26CB7708-6D61-4810-A48E-6219D893F1F1}
	EndGlobalSection
EndGlobal
